// !$*UTF8*$!
{
	archiveVersion = 1;
	classes = {
	};
	objectVersion = 50;
	objects = {

/* Begin PBXBuildFile section */
		3D3851C71A67B4021319A8C8 /* Pods_foodOrderRestaurantPartnerApp.framework in Frameworks */ = {isa = PBXBuildFile; fileRef = 68229117A9130F4910EEA606 /* Pods_foodOrderRestaurantPartnerApp.framework */; };
		857EA19923D07B2C0022A934 /* OrderDetailsViewController.swift in Sources */ = {isa = PBXBuildFile; fileRef = 857EA19823D07B2C0022A934 /* OrderDetailsViewController.swift */; };
		857EA19B23D16F4D0022A934 /* Order.swift in Sources */ = {isa = PBXBuildFile; fileRef = 857EA19A23D16F4D0022A934 /* Order.swift */; };
		85A1A02723CF097D008F961C /* AppDelegate.swift in Sources */ = {isa = PBXBuildFile; fileRef = 85A1A02623CF097D008F961C /* AppDelegate.swift */; };
		85A1A02923CF097D008F961C /* loginViewController.swift in Sources */ = {isa = PBXBuildFile; fileRef = 85A1A02823CF097D008F961C /* loginViewController.swift */; };
		85A1A02C23CF097D008F961C /* Main.storyboard in Resources */ = {isa = PBXBuildFile; fileRef = 85A1A02A23CF097D008F961C /* Main.storyboard */; };
		85A1A02E23CF0980008F961C /* Assets.xcassets in Resources */ = {isa = PBXBuildFile; fileRef = 85A1A02D23CF0980008F961C /* Assets.xcassets */; };
		85A1A03123CF0980008F961C /* LaunchScreen.storyboard in Resources */ = {isa = PBXBuildFile; fileRef = 85A1A02F23CF0980008F961C /* LaunchScreen.storyboard */; };
		85A1A03923CF0F57008F961C /* Colour.xcassets in Resources */ = {isa = PBXBuildFile; fileRef = 85A1A03823CF0F57008F961C /* Colour.xcassets */; };
		85A1A03E23CF1688008F961C /* GlobalFunctions.swift in Sources */ = {isa = PBXBuildFile; fileRef = 85A1A03D23CF1688008F961C /* GlobalFunctions.swift */; };
		85A1A04223CF181E008F961C /* User.swift in Sources */ = {isa = PBXBuildFile; fileRef = 85A1A04123CF181E008F961C /* User.swift */; };
/* End PBXBuildFile section */

/* Begin PBXFileReference section */
		68229117A9130F4910EEA606 /* Pods_foodOrderRestaurantPartnerApp.framework */ = {isa = PBXFileReference; explicitFileType = wrapper.framework; includeInIndex = 0; path = Pods_foodOrderRestaurantPartnerApp.framework; sourceTree = BUILT_PRODUCTS_DIR; };
		720260B92D433699AA305B1C /* Pods-foodOrderRestaurantPartnerApp.debug.xcconfig */ = {isa = PBXFileReference; includeInIndex = 1; lastKnownFileType = text.xcconfig; name = "Pods-foodOrderRestaurantPartnerApp.debug.xcconfig"; path = "Pods/Target Support Files/Pods-foodOrderRestaurantPartnerApp/Pods-foodOrderRestaurantPartnerApp.debug.xcconfig"; sourceTree = "<group>"; };
		857EA19823D07B2C0022A934 /* OrderDetailsViewController.swift */ = {isa = PBXFileReference; lastKnownFileType = sourcecode.swift; path = OrderDetailsViewController.swift; sourceTree = "<group>"; };
		857EA19A23D16F4D0022A934 /* Order.swift */ = {isa = PBXFileReference; lastKnownFileType = sourcecode.swift; path = Order.swift; sourceTree = "<group>"; };
		85A1A02323CF097D008F961C /* foodOrderRestaurantPartnerApp.app */ = {isa = PBXFileReference; explicitFileType = wrapper.application; includeInIndex = 0; path = foodOrderRestaurantPartnerApp.app; sourceTree = BUILT_PRODUCTS_DIR; };
		85A1A02623CF097D008F961C /* AppDelegate.swift */ = {isa = PBXFileReference; lastKnownFileType = sourcecode.swift; path = AppDelegate.swift; sourceTree = "<group>"; };
		85A1A02823CF097D008F961C /* loginViewController.swift */ = {isa = PBXFileReference; lastKnownFileType = sourcecode.swift; path = loginViewController.swift; sourceTree = "<group>"; };
		85A1A02B23CF097D008F961C /* Base */ = {isa = PBXFileReference; lastKnownFileType = file.storyboard; name = Base; path = Base.lproj/Main.storyboard; sourceTree = "<group>"; };
		85A1A02D23CF0980008F961C /* Assets.xcassets */ = {isa = PBXFileReference; lastKnownFileType = folder.assetcatalog; path = Assets.xcassets; sourceTree = "<group>"; };
		85A1A03023CF0980008F961C /* Base */ = {isa = PBXFileReference; lastKnownFileType = file.storyboard; name = Base; path = Base.lproj/LaunchScreen.storyboard; sourceTree = "<group>"; };
		85A1A03223CF0980008F961C /* Info.plist */ = {isa = PBXFileReference; lastKnownFileType = text.plist.xml; path = Info.plist; sourceTree = "<group>"; };
		85A1A03823CF0F57008F961C /* Colour.xcassets */ = {isa = PBXFileReference; lastKnownFileType = folder.assetcatalog; path = Colour.xcassets; sourceTree = "<group>"; };
		85A1A03D23CF1688008F961C /* GlobalFunctions.swift */ = {isa = PBXFileReference; lastKnownFileType = sourcecode.swift; path = GlobalFunctions.swift; sourceTree = "<group>"; };
		85A1A04123CF181E008F961C /* User.swift */ = {isa = PBXFileReference; lastKnownFileType = sourcecode.swift; path = User.swift; sourceTree = "<group>"; };
		C017E8C92CF0596E534947EE /* Pods-foodOrderRestaurantPartnerApp.release.xcconfig */ = {isa = PBXFileReference; includeInIndex = 1; lastKnownFileType = text.xcconfig; name = "Pods-foodOrderRestaurantPartnerApp.release.xcconfig"; path = "Pods/Target Support Files/Pods-foodOrderRestaurantPartnerApp/Pods-foodOrderRestaurantPartnerApp.release.xcconfig"; sourceTree = "<group>"; };
/* End PBXFileReference section */

/* Begin PBXFrameworksBuildPhase section */
		85A1A02023CF097D008F961C /* Frameworks */ = {
			isa = PBXFrameworksBuildPhase;
			buildActionMask = 2147483647;
			files = (
				3D3851C71A67B4021319A8C8 /* Pods_foodOrderRestaurantPartnerApp.framework in Frameworks */,
			);
			runOnlyForDeploymentPostprocessing = 0;
		};
/* End PBXFrameworksBuildPhase section */

/* Begin PBXGroup section */
		38C10DA01CB74830D01D7003 /* Frameworks */ = {
			isa = PBXGroup;
			children = (
				68229117A9130F4910EEA606 /* Pods_foodOrderRestaurantPartnerApp.framework */,
			);
			name = Frameworks;
			sourceTree = "<group>";
		};
		46654DA1A05AD3F95D6AEF16 /* Pods */ = {
			isa = PBXGroup;
			children = (
				720260B92D433699AA305B1C /* Pods-foodOrderRestaurantPartnerApp.debug.xcconfig */,
				C017E8C92CF0596E534947EE /* Pods-foodOrderRestaurantPartnerApp.release.xcconfig */,
			);
			name = Pods;
			sourceTree = "<group>";
		};
		85A1A01A23CF097D008F961C = {
			isa = PBXGroup;
			children = (
				85A1A02523CF097D008F961C /* foodOrderRestaurantPartnerApp */,
				85A1A02423CF097D008F961C /* Products */,
				46654DA1A05AD3F95D6AEF16 /* Pods */,
				38C10DA01CB74830D01D7003 /* Frameworks */,
			);
			sourceTree = "<group>";
		};
		85A1A02423CF097D008F961C /* Products */ = {
			isa = PBXGroup;
			children = (
				85A1A02323CF097D008F961C /* foodOrderRestaurantPartnerApp.app */,
			);
			name = Products;
			sourceTree = "<group>";
		};
		85A1A02523CF097D008F961C /* foodOrderRestaurantPartnerApp */ = {
			isa = PBXGroup;
			children = (
				85A1A04023CF180D008F961C /* Model */,
				85A1A03F23CF16CC008F961C /* Controller */,
				85A1A03C23CF166C008F961C /* Global */,
				85A1A02623CF097D008F961C /* AppDelegate.swift */,
				85A1A02A23CF097D008F961C /* Main.storyboard */,
				85A1A02D23CF0980008F961C /* Assets.xcassets */,
				85A1A03823CF0F57008F961C /* Colour.xcassets */,
				85A1A02F23CF0980008F961C /* LaunchScreen.storyboard */,
				85A1A03223CF0980008F961C /* Info.plist */,
			);
			path = foodOrderRestaurantPartnerApp;
			sourceTree = "<group>";
		};
		85A1A03C23CF166C008F961C /* Global */ = {
			isa = PBXGroup;
			children = (
				85A1A03D23CF1688008F961C /* GlobalFunctions.swift */,
			);
			path = Global;
			sourceTree = "<group>";
		};
		85A1A03F23CF16CC008F961C /* Controller */ = {
			isa = PBXGroup;
			children = (
				85A1A02823CF097D008F961C /* loginViewController.swift */,
				857EA19823D07B2C0022A934 /* OrderDetailsViewController.swift */,
			);
			path = Controller;
			sourceTree = "<group>";
		};
		85A1A04023CF180D008F961C /* Model */ = {
			isa = PBXGroup;
			children = (
				85A1A04123CF181E008F961C /* User.swift */,
				857EA19A23D16F4D0022A934 /* Order.swift */,
			);
			path = Model;
			sourceTree = "<group>";
		};
/* End PBXGroup section */

/* Begin PBXNativeTarget section */
		85A1A02223CF097D008F961C /* foodOrderRestaurantPartnerApp */ = {
			isa = PBXNativeTarget;
			buildConfigurationList = 85A1A03523CF0980008F961C /* Build configuration list for PBXNativeTarget "foodOrderRestaurantPartnerApp" */;
			buildPhases = (
				0C1769598BDBA766156758A8 /* [CP] Check Pods Manifest.lock */,
				85A1A01F23CF097D008F961C /* Sources */,
				85A1A02023CF097D008F961C /* Frameworks */,
				85A1A02123CF097D008F961C /* Resources */,
				BD23378529311B36B8625F4A /* [CP] Embed Pods Frameworks */,
			);
			buildRules = (
			);
			dependencies = (
			);
			name = foodOrderRestaurantPartnerApp;
			productName = foodOrderRestaurantPartnerApp;
			productReference = 85A1A02323CF097D008F961C /* foodOrderRestaurantPartnerApp.app */;
			productType = "com.apple.product-type.application";
		};
/* End PBXNativeTarget section */

/* Begin PBXProject section */
		85A1A01B23CF097D008F961C /* Project object */ = {
			isa = PBXProject;
			attributes = {
				LastSwiftUpdateCheck = 1020;
				LastUpgradeCheck = 1020;
				ORGANIZATIONNAME = Sujata;
				TargetAttributes = {
					85A1A02223CF097D008F961C = {
						CreatedOnToolsVersion = 10.2.1;
					};
				};
			};
			buildConfigurationList = 85A1A01E23CF097D008F961C /* Build configuration list for PBXProject "foodOrderRestaurantPartnerApp" */;
			compatibilityVersion = "Xcode 9.3";
			developmentRegion = en;
			hasScannedForEncodings = 0;
			knownRegions = (
				en,
				Base,
			);
			mainGroup = 85A1A01A23CF097D008F961C;
			productRefGroup = 85A1A02423CF097D008F961C /* Products */;
			projectDirPath = "";
			projectRoot = "";
			targets = (
				85A1A02223CF097D008F961C /* foodOrderRestaurantPartnerApp */,
			);
		};
/* End PBXProject section */

/* Begin PBXResourcesBuildPhase section */
		85A1A02123CF097D008F961C /* Resources */ = {
			isa = PBXResourcesBuildPhase;
			buildActionMask = 2147483647;
			files = (
				85A1A03123CF0980008F961C /* LaunchScreen.storyboard in Resources */,
				85A1A02E23CF0980008F961C /* Assets.xcassets in Resources */,
				85A1A02C23CF097D008F961C /* Main.storyboard in Resources */,
				85A1A03923CF0F57008F961C /* Colour.xcassets in Resources */,
			);
			runOnlyForDeploymentPostprocessing = 0;
		};
/* End PBXResourcesBuildPhase section */

/* Begin PBXShellScriptBuildPhase section */
		0C1769598BDBA766156758A8 /* [CP] Check Pods Manifest.lock */ = {
			isa = PBXShellScriptBuildPhase;
			buildActionMask = 2147483647;
			files = (
			);
			inputPaths = (
				"${PODS_PODFILE_DIR_PATH}/Podfile.lock",
				"${PODS_ROOT}/Manifest.lock",
			);
			name = "[CP] Check Pods Manifest.lock";
			outputPaths = (
				"$(DERIVED_FILE_DIR)/Pods-foodOrderRestaurantPartnerApp-checkManifestLockResult.txt",
			);
			runOnlyForDeploymentPostprocessing = 0;
			shellPath = /bin/sh;
			shellScript = "diff \"${PODS_PODFILE_DIR_PATH}/Podfile.lock\" \"${PODS_ROOT}/Manifest.lock\" > /dev/null\nif [ $? != 0 ] ; then\n    # print error to STDERR\n    echo \"error: The sandbox is not in sync with the Podfile.lock. Run 'pod install' or update your CocoaPods installation.\" >&2\n    exit 1\nfi\n# This output is used by Xcode 'outputs' to avoid re-running this script phase.\necho \"SUCCESS\" > \"${SCRIPT_OUTPUT_FILE_0}\"\n";
			showEnvVarsInLog = 0;
		};
		BD23378529311B36B8625F4A /* [CP] Embed Pods Frameworks */ = {
			isa = PBXShellScriptBuildPhase;
			buildActionMask = 2147483647;
			files = (
			);
			inputPaths = (
				"${SRCROOT}/Pods/Target Support Files/Pods-foodOrderRestaurantPartnerApp/Pods-foodOrderRestaurantPartnerApp-frameworks.sh",
				"${BUILT_PRODUCTS_DIR}/Socket.IO-Client-Swift/SocketIO.framework",
				"${BUILT_PRODUCTS_DIR}/Starscream/Starscream.framework",
			);
			name = "[CP] Embed Pods Frameworks";
			outputPaths = (
				"${TARGET_BUILD_DIR}/${FRAMEWORKS_FOLDER_PATH}/SocketIO.framework",
				"${TARGET_BUILD_DIR}/${FRAMEWORKS_FOLDER_PATH}/Starscream.framework",
			);
			runOnlyForDeploymentPostprocessing = 0;
			shellPath = /bin/sh;
			shellScript = "\"${SRCROOT}/Pods/Target Support Files/Pods-foodOrderRestaurantPartnerApp/Pods-foodOrderRestaurantPartnerApp-frameworks.sh\"\n";
			showEnvVarsInLog = 0;
		};
/* End PBXShellScriptBuildPhase section */

/* Begin PBXSourcesBuildPhase section */
		85A1A01F23CF097D008F961C /* Sources */ = {
			isa = PBXSourcesBuildPhase;
			buildActionMask = 2147483647;
			files = (
				857EA19B23D16F4D0022A934 /* Order.swift in Sources */,
				85A1A02923CF097D008F961C /* loginViewController.swift in Sources */,
				85A1A03E23CF1688008F961C /* GlobalFunctions.swift in Sources */,
				85A1A04223CF181E008F961C /* User.swift in Sources */,
				857EA19923D07B2C0022A934 /* OrderDetailsViewController.swift in Sources */,
				85A1A02723CF097D008F961C /* AppDelegate.swift in Sources */,
			);
			runOnlyForDeploymentPostprocessing = 0;
		};
/* End PBXSourcesBuildPhase section */

/* Begin PBXVariantGroup section */
		85A1A02A23CF097D008F961C /* Main.storyboard */ = {
			isa = PBXVariantGroup;
			children = (
				85A1A02B23CF097D008F961C /* Base */,
			);
			name = Main.storyboard;
			sourceTree = "<group>";
		};
		85A1A02F23CF0980008F961C /* LaunchScreen.storyboard */ = {
			isa = PBXVariantGroup;
			children = (
				85A1A03023CF0980008F961C /* Base */,
			);
			name = LaunchScreen.storyboard;
			sourceTree = "<group>";
		};
/* End PBXVariantGroup section */

/* Begin XCBuildConfiguration section */
		85A1A03323CF0980008F961C /* Debug */ = {
			isa = XCBuildConfiguration;
			buildSettings = {
				ALWAYS_SEARCH_USER_PATHS = NO;
				CLANG_ANALYZER_NONNULL = YES;
				CLANG_ANALYZER_NUMBER_OBJECT_CONVERSION = YES_AGGRESSIVE;
				CLANG_CXX_LANGUAGE_STANDARD = "gnu++14";
				CLANG_CXX_LIBRARY = "libc++";
				CLANG_ENABLE_MODULES = YES;
				CLANG_ENABLE_OBJC_ARC = YES;
				CLANG_ENABLE_OBJC_WEAK = YES;
				CLANG_WARN_BLOCK_CAPTURE_AUTORELEASING = YES;
				CLANG_WARN_BOOL_CONVERSION = YES;
				CLANG_WARN_COMMA = YES;
				CLANG_WARN_CONSTANT_CONVERSION = YES;
				CLANG_WARN_DEPRECATED_OBJC_IMPLEMENTATIONS = YES;
				CLANG_WARN_DIRECT_OBJC_ISA_USAGE = YES_ERROR;
				CLANG_WARN_DOCUMENTATION_COMMENTS = YES;
				CLANG_WARN_EMPTY_BODY = YES;
				CLANG_WARN_ENUM_CONVERSION = YES;
				CLANG_WARN_INFINITE_RECURSION = YES;
				CLANG_WARN_INT_CONVERSION = YES;
				CLANG_WARN_NON_LITERAL_NULL_CONVERSION = YES;
				CLANG_WARN_OBJC_IMPLICIT_RETAIN_SELF = YES;
				CLANG_WARN_OBJC_LITERAL_CONVERSION = YES;
				CLANG_WARN_OBJC_ROOT_CLASS = YES_ERROR;
				CLANG_WARN_RANGE_LOOP_ANALYSIS = YES;
				CLANG_WARN_STRICT_PROTOTYPES = YES;
				CLANG_WARN_SUSPICIOUS_MOVE = YES;
				CLANG_WARN_UNGUARDED_AVAILABILITY = YES_AGGRESSIVE;
				CLANG_WARN_UNREACHABLE_CODE = YES;
				CLANG_WARN__DUPLICATE_METHOD_MATCH = YES;
				CODE_SIGN_IDENTITY = "iPhone Developer";
				COPY_PHASE_STRIP = NO;
				DEBUG_INFORMATION_FORMAT = dwarf;
				ENABLE_STRICT_OBJC_MSGSEND = YES;
				ENABLE_TESTABILITY = YES;
				GCC_C_LANGUAGE_STANDARD = gnu11;
				GCC_DYNAMIC_NO_PIC = NO;
				GCC_NO_COMMON_BLOCKS = YES;
				GCC_OPTIMIZATION_LEVEL = 0;
				GCC_PREPROCESSOR_DEFINITIONS = (
					"DEBUG=1",
					"$(inherited)",
				);
				GCC_WARN_64_TO_32_BIT_CONVERSION = YES;
				GCC_WARN_ABOUT_RETURN_TYPE = YES_ERROR;
				GCC_WARN_UNDECLARED_SELECTOR = YES;
				GCC_WARN_UNINITIALIZED_AUTOS = YES_AGGRESSIVE;
				GCC_WARN_UNUSED_FUNCTION = YES;
				GCC_WARN_UNUSED_VARIABLE = YES;
				IPHONEOS_DEPLOYMENT_TARGET = 12.2;
				MTL_ENABLE_DEBUG_INFO = INCLUDE_SOURCE;
				MTL_FAST_MATH = YES;
				ONLY_ACTIVE_ARCH = YES;
				SDKROOT = iphoneos;
				SWIFT_ACTIVE_COMPILATION_CONDITIONS = DEBUG;
				SWIFT_OPTIMIZATION_LEVEL = "-Onone";
			};
			name = Debug;
		};
		85A1A03423CF0980008F961C /* Release */ = {
			isa = XCBuildConfiguration;
			buildSettings = {
				ALWAYS_SEARCH_USER_PATHS = NO;
				CLANG_ANALYZER_NONNULL = YES;
				CLANG_ANALYZER_NUMBER_OBJECT_CONVERSION = YES_AGGRESSIVE;
				CLANG_CXX_LANGUAGE_STANDARD = "gnu++14";
				CLANG_CXX_LIBRARY = "libc++";
				CLANG_ENABLE_MODULES = YES;
				CLANG_ENABLE_OBJC_ARC = YES;
				CLANG_ENABLE_OBJC_WEAK = YES;
				CLANG_WARN_BLOCK_CAPTURE_AUTORELEASING = YES;
				CLANG_WARN_BOOL_CONVERSION = YES;
				CLANG_WARN_COMMA = YES;
				CLANG_WARN_CONSTANT_CONVERSION = YES;
				CLANG_WARN_DEPRECATED_OBJC_IMPLEMENTATIONS = YES;
				CLANG_WARN_DIRECT_OBJC_ISA_USAGE = YES_ERROR;
				CLANG_WARN_DOCUMENTATION_COMMENTS = YES;
				CLANG_WARN_EMPTY_BODY = YES;
				CLANG_WARN_ENUM_CONVERSION = YES;
				CLANG_WARN_INFINITE_RECURSION = YES;
				CLANG_WARN_INT_CONVERSION = YES;
				CLANG_WARN_NON_LITERAL_NULL_CONVERSION = YES;
				CLANG_WARN_OBJC_IMPLICIT_RETAIN_SELF = YES;
				CLANG_WARN_OBJC_LITERAL_CONVERSION = YES;
				CLANG_WARN_OBJC_ROOT_CLASS = YES_ERROR;
				CLANG_WARN_RANGE_LOOP_ANALYSIS = YES;
				CLANG_WARN_STRICT_PROTOTYPES = YES;
				CLANG_WARN_SUSPICIOUS_MOVE = YES;
				CLANG_WARN_UNGUARDED_AVAILABILITY = YES_AGGRESSIVE;
				CLANG_WARN_UNREACHABLE_CODE = YES;
				CLANG_WARN__DUPLICATE_METHOD_MATCH = YES;
				CODE_SIGN_IDENTITY = "iPhone Developer";
				COPY_PHASE_STRIP = NO;
				DEBUG_INFORMATION_FORMAT = "dwarf-with-dsym";
				ENABLE_NS_ASSERTIONS = NO;
				ENABLE_STRICT_OBJC_MSGSEND = YES;
				GCC_C_LANGUAGE_STANDARD = gnu11;
				GCC_NO_COMMON_BLOCKS = YES;
				GCC_WARN_64_TO_32_BIT_CONVERSION = YES;
				GCC_WARN_ABOUT_RETURN_TYPE = YES_ERROR;
				GCC_WARN_UNDECLARED_SELECTOR = YES;
				GCC_WARN_UNINITIALIZED_AUTOS = YES_AGGRESSIVE;
				GCC_WARN_UNUSED_FUNCTION = YES;
				GCC_WARN_UNUSED_VARIABLE = YES;
				IPHONEOS_DEPLOYMENT_TARGET = 12.2;
				MTL_ENABLE_DEBUG_INFO = NO;
				MTL_FAST_MATH = YES;
				SDKROOT = iphoneos;
				SWIFT_COMPILATION_MODE = wholemodule;
				SWIFT_OPTIMIZATION_LEVEL = "-O";
				VALIDATE_PRODUCT = YES;
			};
			name = Release;
		};
		85A1A03623CF0980008F961C /* Debug */ = {
			isa = XCBuildConfiguration;
			baseConfigurationReference = 720260B92D433699AA305B1C /* Pods-foodOrderRestaurantPartnerApp.debug.xcconfig */;
			buildSettings = {
				ASSETCATALOG_COMPILER_APPICON_NAME = AppIcon;
				CODE_SIGN_STYLE = Automatic;
				DEVELOPMENT_TEAM = T2V9TMD8BP;
				INFOPLIST_FILE = foodOrderRestaurantPartnerApp/Info.plist;
				LD_RUNPATH_SEARCH_PATHS = (
					"$(inherited)",
					"@executable_path/Frameworks",
				);
				PRODUCT_BUNDLE_IDENTIFIER = Sujata.foodOrderRestaurantPartnerApp;
				PRODUCT_NAME = "$(TARGET_NAME)";
				SWIFT_VERSION = 5.0;
				TARGETED_DEVICE_FAMILY = "1,2";
			};
			name = Debug;
		};
		85A1A03723CF0980008F961C /* Release */ = {
			isa = XCBuildConfiguration;
			baseConfigurationReference = C017E8C92CF0596E534947EE /* Pods-foodOrderRestaurantPartnerApp.release.xcconfig */;
			buildSettings = {
				ASSETCATALOG_COMPILER_APPICON_NAME = AppIcon;
				CODE_SIGN_STYLE = Automatic;
				DEVELOPMENT_TEAM = T2V9TMD8BP;
				INFOPLIST_FILE = foodOrderRestaurantPartnerApp/Info.plist;
				LD_RUNPATH_SEARCH_PATHS = (
					"$(inherited)",
					"@executable_path/Frameworks",
				);
				PRODUCT_BUNDLE_IDENTIFIER = Sujata.foodOrderRestaurantPartnerApp;
				PRODUCT_NAME = "$(TARGET_NAME)";
				SWIFT_VERSION = 5.0;
				TARGETED_DEVICE_FAMILY = "1,2";
			};
			name = Release;
		};
/* End XCBuildConfiguration section */

/* Begin XCConfigurationList section */
		85A1A01E23CF097D008F961C /* Build configuration list for PBXProject "foodOrderRestaurantPartnerApp" */ = {
			isa = XCConfigurationList;
			buildConfigurations = (
				85A1A03323CF0980008F961C /* Debug */,
				85A1A03423CF0980008F961C /* Release */,
			);
			defaultConfigurationIsVisible = 0;
			defaultConfigurationName = Release;
		};
		85A1A03523CF0980008F961C /* Build configuration list for PBXNativeTarget "foodOrderRestaurantPartnerApp" */ = {
			isa = XCConfigurationList;
			buildConfigurations = (
				85A1A03623CF0980008F961C /* Debug */,
				85A1A03723CF0980008F961C /* Release */,
			);
			defaultConfigurationIsVisible = 0;
			defaultConfigurationName = Release;
		};
/* End XCConfigurationList section */
	};
	rootObject = 85A1A01B23CF097D008F961C /* Project object */;
}
